// !$*UTF8*$!
{
	archiveVersion = 1;
	classes = {
	};
	objectVersion = 48;
	objects = {

/* Begin PBXBuildFile section */
		E66BDAE5C74F41A534E8F18B /* Pods_EEG101.framework in Frameworks */ = {isa = PBXBuildFile; fileRef = 316D79E79D5A4C32DCD6796D /* Pods_EEG101.framework */; };
		F6AAA921329AC882111D4CB4 /* Pods_EEG101Tests.framework in Frameworks */ = {isa = PBXBuildFile; fileRef = BE8BCA6DBBA7E83595334F9C /* Pods_EEG101Tests.framework */; };
		F740EA1E1FE5DEC60043B68B /* Assets.xcassets in Resources */ = {isa = PBXBuildFile; fileRef = F740EA1D1FE5DEC60043B68B /* Assets.xcassets */; };
		F740EA211FE5DEC60043B68B /* LaunchScreen.storyboard in Resources */ = {isa = PBXBuildFile; fileRef = F740EA1F1FE5DEC60043B68B /* LaunchScreen.storyboard */; };
		F740EA2C1FE5DEC60043B68B /* EEG101Tests.swift in Sources */ = {isa = PBXBuildFile; fileRef = F740EA2B1FE5DEC60043B68B /* EEG101Tests.swift */; };
		F74E8F3C1FE5E27700C8B7FD /* AppDelegate.swift in Sources */ = {isa = PBXBuildFile; fileRef = F74E8F3A1FE5E27700C8B7FD /* AppDelegate.swift */; };
		F7AFAE211FE92E70008F3B8C /* RobotoCondensed-BoldItalic.ttf in Resources */ = {isa = PBXBuildFile; fileRef = F7AFAE101FE92E6F008F3B8C /* RobotoCondensed-BoldItalic.ttf */; };
		F7AFAE221FE92E70008F3B8C /* Roboto-MediumItalic.ttf in Resources */ = {isa = PBXBuildFile; fileRef = F7AFAE111FE92E6F008F3B8C /* Roboto-MediumItalic.ttf */; };
		F7AFAE231FE92E70008F3B8C /* Roboto-Regular.ttf in Resources */ = {isa = PBXBuildFile; fileRef = F7AFAE121FE92E70008F3B8C /* Roboto-Regular.ttf */; };
		F7AFAE241FE92E70008F3B8C /* Roboto-Medium.ttf in Resources */ = {isa = PBXBuildFile; fileRef = F7AFAE131FE92E70008F3B8C /* Roboto-Medium.ttf */; };
		F7AFAE251FE92E70008F3B8C /* Roboto-ThinItalic.ttf in Resources */ = {isa = PBXBuildFile; fileRef = F7AFAE141FE92E70008F3B8C /* Roboto-ThinItalic.ttf */; };
		F7AFAE261FE92E70008F3B8C /* RobotoCondensed-LightItalic.ttf in Resources */ = {isa = PBXBuildFile; fileRef = F7AFAE151FE92E70008F3B8C /* RobotoCondensed-LightItalic.ttf */; };
		F7AFAE271FE92E70008F3B8C /* RobotoCondensed-Bold.ttf in Resources */ = {isa = PBXBuildFile; fileRef = F7AFAE161FE92E70008F3B8C /* RobotoCondensed-Bold.ttf */; };
		F7AFAE281FE92E70008F3B8C /* Roboto-Thin.ttf in Resources */ = {isa = PBXBuildFile; fileRef = F7AFAE171FE92E70008F3B8C /* Roboto-Thin.ttf */; };
		F7AFAE291FE92E70008F3B8C /* Roboto-Black.ttf in Resources */ = {isa = PBXBuildFile; fileRef = F7AFAE181FE92E70008F3B8C /* Roboto-Black.ttf */; };
		F7AFAE2A1FE92E70008F3B8C /* Roboto-Light.ttf in Resources */ = {isa = PBXBuildFile; fileRef = F7AFAE191FE92E70008F3B8C /* Roboto-Light.ttf */; };
		F7AFAE2B1FE92E70008F3B8C /* RobotoCondensed-Regular.ttf in Resources */ = {isa = PBXBuildFile; fileRef = F7AFAE1A1FE92E70008F3B8C /* RobotoCondensed-Regular.ttf */; };
		F7AFAE2C1FE92E70008F3B8C /* Roboto-Italic.ttf in Resources */ = {isa = PBXBuildFile; fileRef = F7AFAE1B1FE92E70008F3B8C /* Roboto-Italic.ttf */; };
		F7AFAE2D1FE92E70008F3B8C /* RobotoCondensed-Italic.ttf in Resources */ = {isa = PBXBuildFile; fileRef = F7AFAE1C1FE92E70008F3B8C /* RobotoCondensed-Italic.ttf */; };
		F7AFAE2E1FE92E70008F3B8C /* Roboto-BoldItalic.ttf in Resources */ = {isa = PBXBuildFile; fileRef = F7AFAE1D1FE92E70008F3B8C /* Roboto-BoldItalic.ttf */; };
		F7AFAE2F1FE92E70008F3B8C /* RobotoCondensed-Light.ttf in Resources */ = {isa = PBXBuildFile; fileRef = F7AFAE1E1FE92E70008F3B8C /* RobotoCondensed-Light.ttf */; };
		F7AFAE301FE92E70008F3B8C /* Roboto-LightItalic.ttf in Resources */ = {isa = PBXBuildFile; fileRef = F7AFAE1F1FE92E70008F3B8C /* Roboto-LightItalic.ttf */; };
		F7AFAE311FE92E70008F3B8C /* Roboto-Bold.ttf in Resources */ = {isa = PBXBuildFile; fileRef = F7AFAE201FE92E70008F3B8C /* Roboto-Bold.ttf */; };
/* End PBXBuildFile section */

/* Begin PBXContainerItemProxy section */
		F740EA281FE5DEC60043B68B /* PBXContainerItemProxy */ = {
			isa = PBXContainerItemProxy;
			containerPortal = F740EA0B1FE5DEC60043B68B /* Project object */;
			proxyType = 1;
			remoteGlobalIDString = F740EA121FE5DEC60043B68B;
			remoteInfo = EEG101;
		};
/* End PBXContainerItemProxy section */

/* Begin PBXFileReference section */
		1608D155AA45686B6E055CC0 /* Pods-EEG101.debug.xcconfig */ = {isa = PBXFileReference; includeInIndex = 1; lastKnownFileType = text.xcconfig; name = "Pods-EEG101.debug.xcconfig"; path = "Pods/Target Support Files/Pods-EEG101/Pods-EEG101.debug.xcconfig"; sourceTree = "<group>"; };
		1AF670F78087811A20C18C16 /* Pods-EEG101Tests.release.xcconfig */ = {isa = PBXFileReference; includeInIndex = 1; lastKnownFileType = text.xcconfig; name = "Pods-EEG101Tests.release.xcconfig"; path = "Pods/Target Support Files/Pods-EEG101Tests/Pods-EEG101Tests.release.xcconfig"; sourceTree = "<group>"; };
		2113ECAA78FD059E75D4CC5E /* Pods-EEG101.release.xcconfig */ = {isa = PBXFileReference; includeInIndex = 1; lastKnownFileType = text.xcconfig; name = "Pods-EEG101.release.xcconfig"; path = "Pods/Target Support Files/Pods-EEG101/Pods-EEG101.release.xcconfig"; sourceTree = "<group>"; };
		316D79E79D5A4C32DCD6796D /* Pods_EEG101.framework */ = {isa = PBXFileReference; explicitFileType = wrapper.framework; includeInIndex = 0; path = Pods_EEG101.framework; sourceTree = BUILT_PRODUCTS_DIR; };
		659CEDA993192E974ECF0FCF /* Pods-EEG101Tests.debug.xcconfig */ = {isa = PBXFileReference; includeInIndex = 1; lastKnownFileType = text.xcconfig; name = "Pods-EEG101Tests.debug.xcconfig"; path = "Pods/Target Support Files/Pods-EEG101Tests/Pods-EEG101Tests.debug.xcconfig"; sourceTree = "<group>"; };
		BE8BCA6DBBA7E83595334F9C /* Pods_EEG101Tests.framework */ = {isa = PBXFileReference; explicitFileType = wrapper.framework; includeInIndex = 0; path = Pods_EEG101Tests.framework; sourceTree = BUILT_PRODUCTS_DIR; };
		F740EA131FE5DEC60043B68B /* EEG101.app */ = {isa = PBXFileReference; explicitFileType = wrapper.application; includeInIndex = 0; path = EEG101.app; sourceTree = BUILT_PRODUCTS_DIR; };
		F740EA1D1FE5DEC60043B68B /* Assets.xcassets */ = {isa = PBXFileReference; lastKnownFileType = folder.assetcatalog; path = Assets.xcassets; sourceTree = "<group>"; };
		F740EA201FE5DEC60043B68B /* Base */ = {isa = PBXFileReference; lastKnownFileType = file.storyboard; name = Base; path = Base.lproj/LaunchScreen.storyboard; sourceTree = "<group>"; };
		F740EA221FE5DEC60043B68B /* Info.plist */ = {isa = PBXFileReference; lastKnownFileType = text.plist.xml; path = Info.plist; sourceTree = "<group>"; };
		F740EA271FE5DEC60043B68B /* EEG101Tests.xctest */ = {isa = PBXFileReference; explicitFileType = wrapper.cfbundle; includeInIndex = 0; path = EEG101Tests.xctest; sourceTree = BUILT_PRODUCTS_DIR; };
		F740EA2B1FE5DEC60043B68B /* EEG101Tests.swift */ = {isa = PBXFileReference; lastKnownFileType = sourcecode.swift; path = EEG101Tests.swift; sourceTree = "<group>"; };
		F740EA2D1FE5DEC60043B68B /* Info.plist */ = {isa = PBXFileReference; lastKnownFileType = text.plist.xml; path = Info.plist; sourceTree = "<group>"; };
		F74E8F3A1FE5E27700C8B7FD /* AppDelegate.swift */ = {isa = PBXFileReference; fileEncoding = 4; lastKnownFileType = sourcecode.swift; path = AppDelegate.swift; sourceTree = "<group>"; };
		F7AFAE101FE92E6F008F3B8C /* RobotoCondensed-BoldItalic.ttf */ = {isa = PBXFileReference; fileEncoding = 4; lastKnownFileType = text; name = "RobotoCondensed-BoldItalic.ttf"; path = "../../android/app/src/main/assets/fonts/RobotoCondensed-BoldItalic.ttf"; sourceTree = "<group>"; };
		F7AFAE111FE92E6F008F3B8C /* Roboto-MediumItalic.ttf */ = {isa = PBXFileReference; lastKnownFileType = file; name = "Roboto-MediumItalic.ttf"; path = "../../android/app/src/main/assets/fonts/Roboto-MediumItalic.ttf"; sourceTree = "<group>"; };
		F7AFAE121FE92E70008F3B8C /* Roboto-Regular.ttf */ = {isa = PBXFileReference; lastKnownFileType = file; name = "Roboto-Regular.ttf"; path = "../../android/app/src/main/assets/fonts/Roboto-Regular.ttf"; sourceTree = "<group>"; };
		F7AFAE131FE92E70008F3B8C /* Roboto-Medium.ttf */ = {isa = PBXFileReference; lastKnownFileType = file; name = "Roboto-Medium.ttf"; path = "../../android/app/src/main/assets/fonts/Roboto-Medium.ttf"; sourceTree = "<group>"; };
		F7AFAE141FE92E70008F3B8C /* Roboto-ThinItalic.ttf */ = {isa = PBXFileReference; fileEncoding = 4; lastKnownFileType = text; name = "Roboto-ThinItalic.ttf"; path = "../../android/app/src/main/assets/fonts/Roboto-ThinItalic.ttf"; sourceTree = "<group>"; };
		F7AFAE151FE92E70008F3B8C /* RobotoCondensed-LightItalic.ttf */ = {isa = PBXFileReference; fileEncoding = 4; lastKnownFileType = text; name = "RobotoCondensed-LightItalic.ttf"; path = "../../android/app/src/main/assets/fonts/RobotoCondensed-LightItalic.ttf"; sourceTree = "<group>"; };
		F7AFAE161FE92E70008F3B8C /* RobotoCondensed-Bold.ttf */ = {isa = PBXFileReference; fileEncoding = 4; lastKnownFileType = text; name = "RobotoCondensed-Bold.ttf"; path = "../../android/app/src/main/assets/fonts/RobotoCondensed-Bold.ttf"; sourceTree = "<group>"; };
		F7AFAE171FE92E70008F3B8C /* Roboto-Thin.ttf */ = {isa = PBXFileReference; fileEncoding = 4; lastKnownFileType = text; name = "Roboto-Thin.ttf"; path = "../../android/app/src/main/assets/fonts/Roboto-Thin.ttf"; sourceTree = "<group>"; };
		F7AFAE181FE92E70008F3B8C /* Roboto-Black.ttf */ = {isa = PBXFileReference; lastKnownFileType = file; name = "Roboto-Black.ttf"; path = "../../android/app/src/main/assets/fonts/Roboto-Black.ttf"; sourceTree = "<group>"; };
		F7AFAE191FE92E70008F3B8C /* Roboto-Light.ttf */ = {isa = PBXFileReference; lastKnownFileType = file; name = "Roboto-Light.ttf"; path = "../../android/app/src/main/assets/fonts/Roboto-Light.ttf"; sourceTree = "<group>"; };
		F7AFAE1A1FE92E70008F3B8C /* RobotoCondensed-Regular.ttf */ = {isa = PBXFileReference; fileEncoding = 4; lastKnownFileType = text; name = "RobotoCondensed-Regular.ttf"; path = "../../android/app/src/main/assets/fonts/RobotoCondensed-Regular.ttf"; sourceTree = "<group>"; };
		F7AFAE1B1FE92E70008F3B8C /* Roboto-Italic.ttf */ = {isa = PBXFileReference; lastKnownFileType = file; name = "Roboto-Italic.ttf"; path = "../../android/app/src/main/assets/fonts/Roboto-Italic.ttf"; sourceTree = "<group>"; };
		F7AFAE1C1FE92E70008F3B8C /* RobotoCondensed-Italic.ttf */ = {isa = PBXFileReference; fileEncoding = 4; lastKnownFileType = text; name = "RobotoCondensed-Italic.ttf"; path = "../../android/app/src/main/assets/fonts/RobotoCondensed-Italic.ttf"; sourceTree = "<group>"; };
		F7AFAE1D1FE92E70008F3B8C /* Roboto-BoldItalic.ttf */ = {isa = PBXFileReference; lastKnownFileType = file; name = "Roboto-BoldItalic.ttf"; path = "../../android/app/src/main/assets/fonts/Roboto-BoldItalic.ttf"; sourceTree = "<group>"; };
		F7AFAE1E1FE92E70008F3B8C /* RobotoCondensed-Light.ttf */ = {isa = PBXFileReference; fileEncoding = 4; lastKnownFileType = text; name = "RobotoCondensed-Light.ttf"; path = "../../android/app/src/main/assets/fonts/RobotoCondensed-Light.ttf"; sourceTree = "<group>"; };
		F7AFAE1F1FE92E70008F3B8C /* Roboto-LightItalic.ttf */ = {isa = PBXFileReference; lastKnownFileType = file; name = "Roboto-LightItalic.ttf"; path = "../../android/app/src/main/assets/fonts/Roboto-LightItalic.ttf"; sourceTree = "<group>"; };
		F7AFAE201FE92E70008F3B8C /* Roboto-Bold.ttf */ = {isa = PBXFileReference; lastKnownFileType = file; name = "Roboto-Bold.ttf"; path = "../../android/app/src/main/assets/fonts/Roboto-Bold.ttf"; sourceTree = "<group>"; };
/* End PBXFileReference section */

/* Begin PBXFrameworksBuildPhase section */
		F740EA101FE5DEC60043B68B /* Frameworks */ = {
			isa = PBXFrameworksBuildPhase;
			buildActionMask = 2147483647;
			files = (
				E66BDAE5C74F41A534E8F18B /* Pods_EEG101.framework in Frameworks */,
			);
			runOnlyForDeploymentPostprocessing = 0;
		};
		F740EA241FE5DEC60043B68B /* Frameworks */ = {
			isa = PBXFrameworksBuildPhase;
			buildActionMask = 2147483647;
			files = (
				F6AAA921329AC882111D4CB4 /* Pods_EEG101Tests.framework in Frameworks */,
			);
			runOnlyForDeploymentPostprocessing = 0;
		};
/* End PBXFrameworksBuildPhase section */

/* Begin PBXGroup section */
		B27FEA9080FC61E88F037B39 /* Pods */ = {
			isa = PBXGroup;
			children = (
				1608D155AA45686B6E055CC0 /* Pods-EEG101.debug.xcconfig */,
				2113ECAA78FD059E75D4CC5E /* Pods-EEG101.release.xcconfig */,
				659CEDA993192E974ECF0FCF /* Pods-EEG101Tests.debug.xcconfig */,
				1AF670F78087811A20C18C16 /* Pods-EEG101Tests.release.xcconfig */,
			);
			name = Pods;
			sourceTree = "<group>";
		};
		D78FC4FE96E7C0345E84AB52 /* Frameworks */ = {
			isa = PBXGroup;
			children = (
				316D79E79D5A4C32DCD6796D /* Pods_EEG101.framework */,
				BE8BCA6DBBA7E83595334F9C /* Pods_EEG101Tests.framework */,
			);
			name = Frameworks;
			sourceTree = "<group>";
		};
		F740EA0A1FE5DEC60043B68B = {
			isa = PBXGroup;
			children = (
				D78FC4FE96E7C0345E84AB52 /* Frameworks */,
				B27FEA9080FC61E88F037B39 /* Pods */,
				F740EA141FE5DEC60043B68B /* Products */,
				F74E8F1E1FE5E0DD00C8B7FD /* Resources */,
				F74E8F381FE5E11D00C8B7FD /* Source */,
				F740EA2A1FE5DEC60043B68B /* Tests */,
			);
			sourceTree = "<group>";
		};
		F740EA141FE5DEC60043B68B /* Products */ = {
			isa = PBXGroup;
			children = (
				F740EA131FE5DEC60043B68B /* EEG101.app */,
				F740EA271FE5DEC60043B68B /* EEG101Tests.xctest */,
			);
			name = Products;
			sourceTree = "<group>";
		};
		F740EA2A1FE5DEC60043B68B /* Tests */ = {
			isa = PBXGroup;
			children = (
				F740EA2B1FE5DEC60043B68B /* EEG101Tests.swift */,
				F740EA2D1FE5DEC60043B68B /* Info.plist */,
			);
			path = Tests;
			sourceTree = "<group>";
		};
		F74E8F1E1FE5E0DD00C8B7FD /* Resources */ = {
			isa = PBXGroup;
			children = (
				F7AFAE0F1FE92E4D008F3B8C /* Fonts */,
				F740EA1D1FE5DEC60043B68B /* Assets.xcassets */,
				F740EA1F1FE5DEC60043B68B /* LaunchScreen.storyboard */,
				F740EA221FE5DEC60043B68B /* Info.plist */,
			);
			path = Resources;
			sourceTree = "<group>";
		};
		F74E8F381FE5E11D00C8B7FD /* Source */ = {
			isa = PBXGroup;
			children = (
				F74E8F3A1FE5E27700C8B7FD /* AppDelegate.swift */,
			);
			path = Source;
			sourceTree = "<group>";
		};
		F7AFAE0F1FE92E4D008F3B8C /* Fonts */ = {
			isa = PBXGroup;
			children = (
				F7AFAE181FE92E70008F3B8C /* Roboto-Black.ttf */,
				F7AFAE201FE92E70008F3B8C /* Roboto-Bold.ttf */,
				F7AFAE1D1FE92E70008F3B8C /* Roboto-BoldItalic.ttf */,
				F7AFAE1B1FE92E70008F3B8C /* Roboto-Italic.ttf */,
				F7AFAE191FE92E70008F3B8C /* Roboto-Light.ttf */,
				F7AFAE1F1FE92E70008F3B8C /* Roboto-LightItalic.ttf */,
				F7AFAE131FE92E70008F3B8C /* Roboto-Medium.ttf */,
				F7AFAE111FE92E6F008F3B8C /* Roboto-MediumItalic.ttf */,
				F7AFAE121FE92E70008F3B8C /* Roboto-Regular.ttf */,
				F7AFAE171FE92E70008F3B8C /* Roboto-Thin.ttf */,
				F7AFAE141FE92E70008F3B8C /* Roboto-ThinItalic.ttf */,
				F7AFAE161FE92E70008F3B8C /* RobotoCondensed-Bold.ttf */,
				F7AFAE101FE92E6F008F3B8C /* RobotoCondensed-BoldItalic.ttf */,
				F7AFAE1C1FE92E70008F3B8C /* RobotoCondensed-Italic.ttf */,
				F7AFAE1E1FE92E70008F3B8C /* RobotoCondensed-Light.ttf */,
				F7AFAE151FE92E70008F3B8C /* RobotoCondensed-LightItalic.ttf */,
				F7AFAE1A1FE92E70008F3B8C /* RobotoCondensed-Regular.ttf */,
			);
			name = Fonts;
			sourceTree = "<group>";
		};
/* End PBXGroup section */

/* Begin PBXNativeTarget section */
		F740EA121FE5DEC60043B68B /* EEG101 */ = {
			isa = PBXNativeTarget;
			buildConfigurationList = F740EA301FE5DEC60043B68B /* Build configuration list for PBXNativeTarget "EEG101" */;
			buildPhases = (
				6E0AABD40DEE3AD80658DFCB /* [CP] Check Pods Manifest.lock */,
				F740EA0F1FE5DEC60043B68B /* Sources */,
				F740EA101FE5DEC60043B68B /* Frameworks */,
				F740EA111FE5DEC60043B68B /* Resources */,
				F7506E891FE5EB7B00145D51 /* Bundle React Native code and images */,
				91B6F5C00FC24C7742EF49EE /* [CP] Embed Pods Frameworks */,
				CF7E5110EF77F1AA7FC51C31 /* [CP] Copy Pods Resources */,
				F7506E861FE5EA3300145D51 /* Configure App Transport Security */,
			);
			buildRules = (
			);
			dependencies = (
			);
			name = EEG101;
			productName = EEG101;
			productReference = F740EA131FE5DEC60043B68B /* EEG101.app */;
			productType = "com.apple.product-type.application";
		};
		F740EA261FE5DEC60043B68B /* EEG101Tests */ = {
			isa = PBXNativeTarget;
			buildConfigurationList = F740EA331FE5DEC60043B68B /* Build configuration list for PBXNativeTarget "EEG101Tests" */;
			buildPhases = (
				C5FA7B7905FB8BD12BDFF569 /* [CP] Check Pods Manifest.lock */,
				F740EA231FE5DEC60043B68B /* Sources */,
				F740EA241FE5DEC60043B68B /* Frameworks */,
				F740EA251FE5DEC60043B68B /* Resources */,
				D70B89858E087460717DF29D /* [CP] Embed Pods Frameworks */,
				9DE21689C0E4603ED7DA286C /* [CP] Copy Pods Resources */,
			);
			buildRules = (
			);
			dependencies = (
				F740EA291FE5DEC60043B68B /* PBXTargetDependency */,
			);
			name = EEG101Tests;
			productName = EEG101Tests;
			productReference = F740EA271FE5DEC60043B68B /* EEG101Tests.xctest */;
			productType = "com.apple.product-type.bundle.unit-test";
		};
/* End PBXNativeTarget section */

/* Begin PBXProject section */
		F740EA0B1FE5DEC60043B68B /* Project object */ = {
			isa = PBXProject;
			attributes = {
				LastSwiftUpdateCheck = 0920;
				LastUpgradeCheck = 0920;
				ORGANIZATIONNAME = NeuroTechX;
				TargetAttributes = {
					F740EA121FE5DEC60043B68B = {
						CreatedOnToolsVersion = 9.2;
						LastSwiftMigration = 0920;
						ProvisioningStyle = Automatic;
					};
					F740EA261FE5DEC60043B68B = {
						CreatedOnToolsVersion = 9.2;
						ProvisioningStyle = Automatic;
						TestTargetID = F740EA121FE5DEC60043B68B;
					};
				};
			};
			buildConfigurationList = F740EA0E1FE5DEC60043B68B /* Build configuration list for PBXProject "EEG101" */;
			compatibilityVersion = "Xcode 8.0";
			developmentRegion = en;
			hasScannedForEncodings = 0;
			knownRegions = (
				en,
				Base,
			);
			mainGroup = F740EA0A1FE5DEC60043B68B;
			productRefGroup = F740EA141FE5DEC60043B68B /* Products */;
			projectDirPath = "";
			projectRoot = "";
			targets = (
				F740EA121FE5DEC60043B68B /* EEG101 */,
				F740EA261FE5DEC60043B68B /* EEG101Tests */,
			);
		};
/* End PBXProject section */

/* Begin PBXResourcesBuildPhase section */
		F740EA111FE5DEC60043B68B /* Resources */ = {
			isa = PBXResourcesBuildPhase;
			buildActionMask = 2147483647;
			files = (
				F740EA1E1FE5DEC60043B68B /* Assets.xcassets in Resources */,
				F740EA211FE5DEC60043B68B /* LaunchScreen.storyboard in Resources */,
				F7AFAE2F1FE92E70008F3B8C /* RobotoCondensed-Light.ttf in Resources */,
				F7AFAE311FE92E70008F3B8C /* Roboto-Bold.ttf in Resources */,
				F7AFAE221FE92E70008F3B8C /* Roboto-MediumItalic.ttf in Resources */,
				F7AFAE2A1FE92E70008F3B8C /* Roboto-Light.ttf in Resources */,
				F7AFAE241FE92E70008F3B8C /* Roboto-Medium.ttf in Resources */,
				F7AFAE271FE92E70008F3B8C /* RobotoCondensed-Bold.ttf in Resources */,
				F7AFAE251FE92E70008F3B8C /* Roboto-ThinItalic.ttf in Resources */,
				F7AFAE291FE92E70008F3B8C /* Roboto-Black.ttf in Resources */,
				F7AFAE231FE92E70008F3B8C /* Roboto-Regular.ttf in Resources */,
				F7AFAE261FE92E70008F3B8C /* RobotoCondensed-LightItalic.ttf in Resources */,
				F7AFAE2E1FE92E70008F3B8C /* Roboto-BoldItalic.ttf in Resources */,
				F7AFAE281FE92E70008F3B8C /* Roboto-Thin.ttf in Resources */,
				F7AFAE2C1FE92E70008F3B8C /* Roboto-Italic.ttf in Resources */,
				F7AFAE301FE92E70008F3B8C /* Roboto-LightItalic.ttf in Resources */,
				F7AFAE2B1FE92E70008F3B8C /* RobotoCondensed-Regular.ttf in Resources */,
				F7AFAE211FE92E70008F3B8C /* RobotoCondensed-BoldItalic.ttf in Resources */,
				F7AFAE2D1FE92E70008F3B8C /* RobotoCondensed-Italic.ttf in Resources */,
			);
			runOnlyForDeploymentPostprocessing = 0;
		};
		F740EA251FE5DEC60043B68B /* Resources */ = {
			isa = PBXResourcesBuildPhase;
			buildActionMask = 2147483647;
			files = (
			);
			runOnlyForDeploymentPostprocessing = 0;
		};
/* End PBXResourcesBuildPhase section */

/* Begin PBXShellScriptBuildPhase section */
		6E0AABD40DEE3AD80658DFCB /* [CP] Check Pods Manifest.lock */ = {
			isa = PBXShellScriptBuildPhase;
			buildActionMask = 2147483647;
			files = (
			);
			inputPaths = (
				"${PODS_PODFILE_DIR_PATH}/Podfile.lock",
				"${PODS_ROOT}/Manifest.lock",
			);
			name = "[CP] Check Pods Manifest.lock";
			outputPaths = (
				"$(DERIVED_FILE_DIR)/Pods-EEG101-checkManifestLockResult.txt",
			);
			runOnlyForDeploymentPostprocessing = 0;
			shellPath = /bin/sh;
			shellScript = "diff \"${PODS_PODFILE_DIR_PATH}/Podfile.lock\" \"${PODS_ROOT}/Manifest.lock\" > /dev/null\nif [ $? != 0 ] ; then\n    # print error to STDERR\n    echo \"error: The sandbox is not in sync with the Podfile.lock. Run 'pod install' or update your CocoaPods installation.\" >&2\n    exit 1\nfi\n# This output is used by Xcode 'outputs' to avoid re-running this script phase.\necho \"SUCCESS\" > \"${SCRIPT_OUTPUT_FILE_0}\"\n";
			showEnvVarsInLog = 0;
		};
		91B6F5C00FC24C7742EF49EE /* [CP] Embed Pods Frameworks */ = {
			isa = PBXShellScriptBuildPhase;
			buildActionMask = 2147483647;
			files = (
			);
			inputPaths = (
				"${SRCROOT}/Pods/Target Support Files/Pods-EEG101/Pods-EEG101-frameworks.sh",
				"${BUILT_PRODUCTS_DIR}/DoubleConversion/DoubleConversion.framework",
				"${BUILT_PRODUCTS_DIR}/Folly/folly.framework",
				"${BUILT_PRODUCTS_DIR}/GLog/glog.framework",
				"${BUILT_PRODUCTS_DIR}/RNI18n/RNI18n.framework",
				"${BUILT_PRODUCTS_DIR}/RNSVG/RNSVG.framework",
				"${BUILT_PRODUCTS_DIR}/React/React.framework",
				"${BUILT_PRODUCTS_DIR}/lottie-ios/Lottie.framework",
				"${BUILT_PRODUCTS_DIR}/lottie-react-native/lottie_react_native.framework",
				"${BUILT_PRODUCTS_DIR}/react-native-torch/react_native_torch.framework",
				"${BUILT_PRODUCTS_DIR}/yoga/yoga.framework",
			);
			name = "[CP] Embed Pods Frameworks";
			outputPaths = (
				"${TARGET_BUILD_DIR}/${FRAMEWORKS_FOLDER_PATH}/DoubleConversion.framework",
				"${TARGET_BUILD_DIR}/${FRAMEWORKS_FOLDER_PATH}/folly.framework",
				"${TARGET_BUILD_DIR}/${FRAMEWORKS_FOLDER_PATH}/glog.framework",
				"${TARGET_BUILD_DIR}/${FRAMEWORKS_FOLDER_PATH}/RNI18n.framework",
				"${TARGET_BUILD_DIR}/${FRAMEWORKS_FOLDER_PATH}/RNSVG.framework",
				"${TARGET_BUILD_DIR}/${FRAMEWORKS_FOLDER_PATH}/React.framework",
				"${TARGET_BUILD_DIR}/${FRAMEWORKS_FOLDER_PATH}/Lottie.framework",
				"${TARGET_BUILD_DIR}/${FRAMEWORKS_FOLDER_PATH}/lottie_react_native.framework",
				"${TARGET_BUILD_DIR}/${FRAMEWORKS_FOLDER_PATH}/react_native_torch.framework",
				"${TARGET_BUILD_DIR}/${FRAMEWORKS_FOLDER_PATH}/yoga.framework",
			);
			runOnlyForDeploymentPostprocessing = 0;
			shellPath = /bin/sh;
			shellScript = "\"${SRCROOT}/Pods/Target Support Files/Pods-EEG101/Pods-EEG101-frameworks.sh\"\n";
			showEnvVarsInLog = 0;
		};
		9DE21689C0E4603ED7DA286C /* [CP] Copy Pods Resources */ = {
			isa = PBXShellScriptBuildPhase;
			buildActionMask = 2147483647;
			files = (
			);
			inputPaths = (
			);
			name = "[CP] Copy Pods Resources";
			outputPaths = (
			);
			runOnlyForDeploymentPostprocessing = 0;
			shellPath = /bin/sh;
			shellScript = "\"${SRCROOT}/Pods/Target Support Files/Pods-EEG101Tests/Pods-EEG101Tests-resources.sh\"\n";
			showEnvVarsInLog = 0;
		};
		C5FA7B7905FB8BD12BDFF569 /* [CP] Check Pods Manifest.lock */ = {
			isa = PBXShellScriptBuildPhase;
			buildActionMask = 2147483647;
			files = (
			);
			inputPaths = (
				"${PODS_PODFILE_DIR_PATH}/Podfile.lock",
				"${PODS_ROOT}/Manifest.lock",
			);
			name = "[CP] Check Pods Manifest.lock";
			outputPaths = (
				"$(DERIVED_FILE_DIR)/Pods-EEG101Tests-checkManifestLockResult.txt",
			);
			runOnlyForDeploymentPostprocessing = 0;
			shellPath = /bin/sh;
			shellScript = "diff \"${PODS_PODFILE_DIR_PATH}/Podfile.lock\" \"${PODS_ROOT}/Manifest.lock\" > /dev/null\nif [ $? != 0 ] ; then\n    # print error to STDERR\n    echo \"error: The sandbox is not in sync with the Podfile.lock. Run 'pod install' or update your CocoaPods installation.\" >&2\n    exit 1\nfi\n# This output is used by Xcode 'outputs' to avoid re-running this script phase.\necho \"SUCCESS\" > \"${SCRIPT_OUTPUT_FILE_0}\"\n";
			showEnvVarsInLog = 0;
		};
		CF7E5110EF77F1AA7FC51C31 /* [CP] Copy Pods Resources */ = {
			isa = PBXShellScriptBuildPhase;
			buildActionMask = 2147483647;
			files = (
			);
			inputPaths = (
			);
			name = "[CP] Copy Pods Resources";
			outputPaths = (
			);
			runOnlyForDeploymentPostprocessing = 0;
			shellPath = /bin/sh;
			shellScript = "\"${SRCROOT}/Pods/Target Support Files/Pods-EEG101/Pods-EEG101-resources.sh\"\n";
			showEnvVarsInLog = 0;
		};
		D70B89858E087460717DF29D /* [CP] Embed Pods Frameworks */ = {
			isa = PBXShellScriptBuildPhase;
			buildActionMask = 2147483647;
			files = (
			);
			inputPaths = (
			);
			name = "[CP] Embed Pods Frameworks";
			outputPaths = (
			);
			runOnlyForDeploymentPostprocessing = 0;
			shellPath = /bin/sh;
			shellScript = "\"${SRCROOT}/Pods/Target Support Files/Pods-EEG101Tests/Pods-EEG101Tests-frameworks.sh\"\n";
			showEnvVarsInLog = 0;
		};
		F7506E861FE5EA3300145D51 /* Configure App Transport Security */ = {
			isa = PBXShellScriptBuildPhase;
			buildActionMask = 2147483647;
			files = (
			);
			inputPaths = (
			);
			name = "Configure App Transport Security";
			outputPaths = (
			);
			runOnlyForDeploymentPostprocessing = 0;
			shellPath = /bin/sh;
			shellScript = "## Courtesy of http://sveinhal.github.io/2016/02/23/disable-ats-in-debug-builds/\n\nINFO_PLIST=\"${TARGET_BUILD_DIR}/${INFOPLIST_PATH}\"\nPLISTBUDDY=\"/usr/libexec/PlistBuddy\"\n\nif [ \"${CONFIGURATION}\" == \"Debug\" ]; then\n$PLISTBUDDY -c \"Add :NSAppTransportSecurity dict\" \"${INFO_PLIST}\" || true\n$PLISTBUDDY -c \"Add :NSAppTransportSecurity:NSAllowsArbitraryLoads bool true\" \"${INFO_PLIST}\" || true\n$PLISTBUDDY -c \"Set :NSAppTransportSecurity:NSAllowsArbitraryLoads true\" \"${INFO_PLIST}\"\nelse\n$PLISTBUDDY -c \"Delete :NSAppTransportSecurity:NSAllowsArbitraryLoads\" \"${INFO_PLIST}\" || true\nfi";
		};
		F7506E891FE5EB7B00145D51 /* Bundle React Native code and images */ = {
			isa = PBXShellScriptBuildPhase;
			buildActionMask = 2147483647;
			files = (
			);
			inputPaths = (
			);
			name = "Bundle React Native code and images";
			outputPaths = (
			);
			runOnlyForDeploymentPostprocessing = 0;
			shellPath = /bin/sh;
			shellScript = "export NODE_BINARY=node\n../node_modules/react-native/scripts/react-native-xcode.sh";
		};
/* End PBXShellScriptBuildPhase section */

/* Begin PBXSourcesBuildPhase section */
		F740EA0F1FE5DEC60043B68B /* Sources */ = {
			isa = PBXSourcesBuildPhase;
			buildActionMask = 2147483647;
			files = (
				F74E8F3C1FE5E27700C8B7FD /* AppDelegate.swift in Sources */,
			);
			runOnlyForDeploymentPostprocessing = 0;
		};
		F740EA231FE5DEC60043B68B /* Sources */ = {
			isa = PBXSourcesBuildPhase;
			buildActionMask = 2147483647;
			files = (
				F740EA2C1FE5DEC60043B68B /* EEG101Tests.swift in Sources */,
			);
			runOnlyForDeploymentPostprocessing = 0;
		};
/* End PBXSourcesBuildPhase section */

/* Begin PBXTargetDependency section */
		F740EA291FE5DEC60043B68B /* PBXTargetDependency */ = {
			isa = PBXTargetDependency;
			target = F740EA121FE5DEC60043B68B /* EEG101 */;
			targetProxy = F740EA281FE5DEC60043B68B /* PBXContainerItemProxy */;
		};
/* End PBXTargetDependency section */

/* Begin PBXVariantGroup section */
		F740EA1F1FE5DEC60043B68B /* LaunchScreen.storyboard */ = {
			isa = PBXVariantGroup;
			children = (
				F740EA201FE5DEC60043B68B /* Base */,
			);
			name = LaunchScreen.storyboard;
			sourceTree = "<group>";
		};
/* End PBXVariantGroup section */

/* Begin XCBuildConfiguration section */
		F740EA2E1FE5DEC60043B68B /* Debug */ = {
			isa = XCBuildConfiguration;
			buildSettings = {
				ALWAYS_SEARCH_USER_PATHS = NO;
				CLANG_ANALYZER_NONNULL = YES;
				CLANG_ANALYZER_NUMBER_OBJECT_CONVERSION = YES_AGGRESSIVE;
				CLANG_CXX_LANGUAGE_STANDARD = "gnu++14";
				CLANG_CXX_LIBRARY = "libc++";
				CLANG_ENABLE_MODULES = YES;
				CLANG_ENABLE_OBJC_ARC = YES;
				CLANG_WARN_BLOCK_CAPTURE_AUTORELEASING = YES;
				CLANG_WARN_BOOL_CONVERSION = YES;
				CLANG_WARN_COMMA = YES;
				CLANG_WARN_CONSTANT_CONVERSION = YES;
				CLANG_WARN_DIRECT_OBJC_ISA_USAGE = YES_ERROR;
				CLANG_WARN_DOCUMENTATION_COMMENTS = YES;
				CLANG_WARN_EMPTY_BODY = YES;
				CLANG_WARN_ENUM_CONVERSION = YES;
				CLANG_WARN_INFINITE_RECURSION = YES;
				CLANG_WARN_INT_CONVERSION = YES;
				CLANG_WARN_NON_LITERAL_NULL_CONVERSION = YES;
				CLANG_WARN_OBJC_LITERAL_CONVERSION = YES;
				CLANG_WARN_OBJC_ROOT_CLASS = YES_ERROR;
				CLANG_WARN_RANGE_LOOP_ANALYSIS = YES;
				CLANG_WARN_STRICT_PROTOTYPES = YES;
				CLANG_WARN_SUSPICIOUS_MOVE = YES;
				CLANG_WARN_UNGUARDED_AVAILABILITY = YES_AGGRESSIVE;
				CLANG_WARN_UNREACHABLE_CODE = YES;
				CLANG_WARN__DUPLICATE_METHOD_MATCH = YES;
				CODE_SIGN_IDENTITY = "iPhone Developer";
				COPY_PHASE_STRIP = NO;
				DEBUG_INFORMATION_FORMAT = dwarf;
				ENABLE_STRICT_OBJC_MSGSEND = YES;
				ENABLE_TESTABILITY = YES;
				GCC_C_LANGUAGE_STANDARD = gnu11;
				GCC_DYNAMIC_NO_PIC = NO;
				GCC_NO_COMMON_BLOCKS = YES;
				GCC_OPTIMIZATION_LEVEL = 0;
				GCC_PREPROCESSOR_DEFINITIONS = (
					"DEBUG=1",
					"$(inherited)",
				);
				GCC_WARN_64_TO_32_BIT_CONVERSION = YES;
				GCC_WARN_ABOUT_RETURN_TYPE = YES_ERROR;
				GCC_WARN_UNDECLARED_SELECTOR = YES;
				GCC_WARN_UNINITIALIZED_AUTOS = YES_AGGRESSIVE;
				GCC_WARN_UNUSED_FUNCTION = YES;
				GCC_WARN_UNUSED_VARIABLE = YES;
				IPHONEOS_DEPLOYMENT_TARGET = 9.0;
				MTL_ENABLE_DEBUG_INFO = YES;
				ONLY_ACTIVE_ARCH = YES;
				SDKROOT = iphoneos;
				SWIFT_ACTIVE_COMPILATION_CONDITIONS = DEBUG;
				SWIFT_OPTIMIZATION_LEVEL = "-Onone";
			};
			name = Debug;
		};
		F740EA2F1FE5DEC60043B68B /* Release */ = {
			isa = XCBuildConfiguration;
			buildSettings = {
				ALWAYS_SEARCH_USER_PATHS = NO;
				CLANG_ANALYZER_NONNULL = YES;
				CLANG_ANALYZER_NUMBER_OBJECT_CONVERSION = YES_AGGRESSIVE;
				CLANG_CXX_LANGUAGE_STANDARD = "gnu++14";
				CLANG_CXX_LIBRARY = "libc++";
				CLANG_ENABLE_MODULES = YES;
				CLANG_ENABLE_OBJC_ARC = YES;
				CLANG_WARN_BLOCK_CAPTURE_AUTORELEASING = YES;
				CLANG_WARN_BOOL_CONVERSION = YES;
				CLANG_WARN_COMMA = YES;
				CLANG_WARN_CONSTANT_CONVERSION = YES;
				CLANG_WARN_DIRECT_OBJC_ISA_USAGE = YES_ERROR;
				CLANG_WARN_DOCUMENTATION_COMMENTS = YES;
				CLANG_WARN_EMPTY_BODY = YES;
				CLANG_WARN_ENUM_CONVERSION = YES;
				CLANG_WARN_INFINITE_RECURSION = YES;
				CLANG_WARN_INT_CONVERSION = YES;
				CLANG_WARN_NON_LITERAL_NULL_CONVERSION = YES;
				CLANG_WARN_OBJC_LITERAL_CONVERSION = YES;
				CLANG_WARN_OBJC_ROOT_CLASS = YES_ERROR;
				CLANG_WARN_RANGE_LOOP_ANALYSIS = YES;
				CLANG_WARN_STRICT_PROTOTYPES = YES;
				CLANG_WARN_SUSPICIOUS_MOVE = YES;
				CLANG_WARN_UNGUARDED_AVAILABILITY = YES_AGGRESSIVE;
				CLANG_WARN_UNREACHABLE_CODE = YES;
				CLANG_WARN__DUPLICATE_METHOD_MATCH = YES;
				CODE_SIGN_IDENTITY = "iPhone Developer";
				COPY_PHASE_STRIP = NO;
				DEBUG_INFORMATION_FORMAT = "dwarf-with-dsym";
				ENABLE_NS_ASSERTIONS = NO;
				ENABLE_STRICT_OBJC_MSGSEND = YES;
				GCC_C_LANGUAGE_STANDARD = gnu11;
				GCC_NO_COMMON_BLOCKS = YES;
				GCC_WARN_64_TO_32_BIT_CONVERSION = YES;
				GCC_WARN_ABOUT_RETURN_TYPE = YES_ERROR;
				GCC_WARN_UNDECLARED_SELECTOR = YES;
				GCC_WARN_UNINITIALIZED_AUTOS = YES_AGGRESSIVE;
				GCC_WARN_UNUSED_FUNCTION = YES;
				GCC_WARN_UNUSED_VARIABLE = YES;
				IPHONEOS_DEPLOYMENT_TARGET = 9.0;
				MTL_ENABLE_DEBUG_INFO = NO;
				SDKROOT = iphoneos;
				SWIFT_OPTIMIZATION_LEVEL = "-Owholemodule";
				VALIDATE_PRODUCT = YES;
			};
			name = Release;
		};
		F740EA311FE5DEC60043B68B /* Debug */ = {
			isa = XCBuildConfiguration;
			baseConfigurationReference = 1608D155AA45686B6E055CC0 /* Pods-EEG101.debug.xcconfig */;
			buildSettings = {
				ASSETCATALOG_COMPILER_APPICON_NAME = AppIcon;
				CODE_SIGN_STYLE = Automatic;
				ENABLE_BITCODE = NO;
				FRAMEWORK_SEARCH_PATHS = (
					"$(inherited)",
					"$(PROJECT_DIR)/Frameworks",
				);
				HEADER_SEARCH_PATHS = (
					"\"${PODS_ROOT}/boost\"",
					"$(inherited)",
					"\"${PODS_ROOT}/Headers/Public\"",
					"\"\"",
					"\"${PODS_ROOT}/Headers/Public/boost\"",
				);
				INFOPLIST_FILE = "$(SRCROOT)/Resources/Info.plist";
				LD_RUNPATH_SEARCH_PATHS = "$(inherited) @executable_path/Frameworks";
				PRODUCT_BUNDLE_IDENTIFIER = com.neurotechx.EEG101;
				PRODUCT_NAME = "$(TARGET_NAME)";
				SWIFT_VERSION = 4.0;
				TARGETED_DEVICE_FAMILY = "1,2";
			};
			name = Debug;
		};
		F740EA321FE5DEC60043B68B /* Release */ = {
			isa = XCBuildConfiguration;
			baseConfigurationReference = 2113ECAA78FD059E75D4CC5E /* Pods-EEG101.release.xcconfig */;
			buildSettings = {
				ASSETCATALOG_COMPILER_APPICON_NAME = AppIcon;
				CODE_SIGN_STYLE = Automatic;
				ENABLE_BITCODE = NO;
				FRAMEWORK_SEARCH_PATHS = (
					"$(inherited)",
					"$(PROJECT_DIR)/Frameworks",
				);
				HEADER_SEARCH_PATHS = (
					"\"${PODS_ROOT}/boost\"",
					"$(inherited)",
					"\"${PODS_ROOT}/Headers/Public\"",
					"\"\"",
					"\"${PODS_ROOT}/Headers/Public/boost\"",
				);
				INFOPLIST_FILE = "$(SRCROOT)/Resources/Info.plist";
				LD_RUNPATH_SEARCH_PATHS = "$(inherited) @executable_path/Frameworks";
				PRODUCT_BUNDLE_IDENTIFIER = com.neurotechx.EEG101;
				PRODUCT_NAME = "$(TARGET_NAME)";
				SWIFT_VERSION = 4.0;
				TARGETED_DEVICE_FAMILY = "1,2";
			};
			name = Release;
		};
		F740EA341FE5DEC60043B68B /* Debug */ = {
			isa = XCBuildConfiguration;
			baseConfigurationReference = 659CEDA993192E974ECF0FCF /* Pods-EEG101Tests.debug.xcconfig */;
			buildSettings = {
				BUNDLE_LOADER = "$(TEST_HOST)";
				CODE_SIGN_STYLE = Automatic;
				INFOPLIST_FILE = EEG101Tests/Info.plist;
				LD_RUNPATH_SEARCH_PATHS = "$(inherited) @executable_path/Frameworks @loader_path/Frameworks";
				PRODUCT_BUNDLE_IDENTIFIER = com.neurotechx.EEG101Tests;
				PRODUCT_NAME = "$(TARGET_NAME)";
				SWIFT_VERSION = 4.0;
				TARGETED_DEVICE_FAMILY = "1,2";
				TEST_HOST = "$(BUILT_PRODUCTS_DIR)/EEG101.app/EEG101";
			};
			name = Debug;
		};
		F740EA351FE5DEC60043B68B /* Release */ = {
			isa = XCBuildConfiguration;
			baseConfigurationReference = 1AF670F78087811A20C18C16 /* Pods-EEG101Tests.release.xcconfig */;
			buildSettings = {
				BUNDLE_LOADER = "$(TEST_HOST)";
				CODE_SIGN_STYLE = Automatic;
				INFOPLIST_FILE = EEG101Tests/Info.plist;
				LD_RUNPATH_SEARCH_PATHS = "$(inherited) @executable_path/Frameworks @loader_path/Frameworks";
				PRODUCT_BUNDLE_IDENTIFIER = com.neurotechx.EEG101Tests;
				PRODUCT_NAME = "$(TARGET_NAME)";
				SWIFT_VERSION = 4.0;
				TARGETED_DEVICE_FAMILY = "1,2";
				TEST_HOST = "$(BUILT_PRODUCTS_DIR)/EEG101.app/EEG101";
			};
			name = Release;
		};
/* End XCBuildConfiguration section */

/* Begin XCConfigurationList section */
		F740EA0E1FE5DEC60043B68B /* Build configuration list for PBXProject "EEG101" */ = {
			isa = XCConfigurationList;
			buildConfigurations = (
				F740EA2E1FE5DEC60043B68B /* Debug */,
				F740EA2F1FE5DEC60043B68B /* Release */,
			);
			defaultConfigurationIsVisible = 0;
			defaultConfigurationName = Release;
		};
		F740EA301FE5DEC60043B68B /* Build configuration list for PBXNativeTarget "EEG101" */ = {
			isa = XCConfigurationList;
			buildConfigurations = (
				F740EA311FE5DEC60043B68B /* Debug */,
				F740EA321FE5DEC60043B68B /* Release */,
			);
			defaultConfigurationIsVisible = 0;
			defaultConfigurationName = Release;
		};
		F740EA331FE5DEC60043B68B /* Build configuration list for PBXNativeTarget "EEG101Tests" */ = {
			isa = XCConfigurationList;
			buildConfigurations = (
				F740EA341FE5DEC60043B68B /* Debug */,
				F740EA351FE5DEC60043B68B /* Release */,
			);
			defaultConfigurationIsVisible = 0;
			defaultConfigurationName = Release;
		};
/* End XCConfigurationList section */
	};
	rootObject = F740EA0B1FE5DEC60043B68B /* Project object */;
}
